
Microsoft Visual Studio Solution File, Format Version 12.00
# Visual Studio 15
VisualStudioVersion = 15.0.28010.2041
MinimumVisualStudioVersion = 10.0.40219.1
Project("{FAE04EC0-301F-11D3-BF4B-00C04F79EFBC}") = "U3-1", "U3-1\U3-1.csproj", "{75AEED9C-BCE4-4DDC-B1C4-4CF23D665295}"
EndProject
Global
	GlobalSection(SolutionConfigurationPlatforms) = preSolution
		Debug|Any CPU = Debug|Any CPU
		Release|Any CPU = Release|Any CPU
	EndGlobalSection
	GlobalSection(ProjectConfigurationPlatforms) = postSolution
		{75AEED9C-BCE4-4DDC-B1C4-4CF23D665295}.Debug|Any CPU.ActiveCfg = Debug|Any CPU
		{75AEED9C-BCE4-4DDC-B1C4-4CF23D665295}.Debug|Any CPU.Build.0 = Debug|Any CPU
		{75AEED9C-BCE4-4DDC-B1C4-4CF23D665295}.Release|Any CPU.ActiveCfg = Release|Any CPU
		{75AEED9C-BCE4-4DDC-B1C4-4CF23D665295}.Release|Any CPU.Build.0 = Release|Any CPU
	EndGlobalSection
	GlobalSection(SolutionProperties) = preSolution
		HideSolutionNode = FALSE
	EndGlobalSection
	GlobalSection(ExtensibilityGlobals) = postSolution
		SolutionGuid = {58501165-0FE7-4FB3-A729-B7F4C1B18C9E}
	EndGlobalSection
EndGlobal
